
Microsoft Visual Studio Solution File, Format Version 12.00
# Visual Studio Version 16
VisualStudioVersion = 16.0.30907.101
MinimumVisualStudioVersion = 10.0.40219.1
Project("{FAE04EC0-301F-11D3-BF4B-00C04F79EFBC}") = "CPE500", "CPE500\CPE500.csproj", "{6F3C1A82-1C54-486F-8930-7623E6CC0930}"
EndProject
Global
	GlobalSection(SolutionConfigurationPlatforms) = preSolution
		Debug|Any CPU = Debug|Any CPU
		Release|Any CPU = Release|Any CPU
	EndGlobalSection
	GlobalSection(ProjectConfigurationPlatforms) = postSolution
		{6F3C1A82-1C54-486F-8930-7623E6CC0930}.Debug|Any CPU.ActiveCfg = Debug|Any CPU
		{6F3C1A82-1C54-486F-8930-7623E6CC0930}.Debug|Any CPU.Build.0 = Debug|Any CPU
		{6F3C1A82-1C54-486F-8930-7623E6CC0930}.Release|Any CPU.ActiveCfg = Release|Any CPU
		{6F3C1A82-1C54-486F-8930-7623E6CC0930}.Release|Any CPU.Build.0 = Release|Any CPU
	EndGlobalSection
	GlobalSection(SolutionProperties) = preSolution
		HideSolutionNode = FALSE
	EndGlobalSection
	GlobalSection(ExtensibilityGlobals) = postSolution
		SolutionGuid = {57A59B84-5DBE-44AD-B813-48FD8B660CCA}
	EndGlobalSection
EndGlobal
